
Microsoft Visual Studio Solution File, Format Version 12.00
# Visual Studio 15
VisualStudioVersion = 15.0.27703.2042
MinimumVisualStudioVersion = 10.0.40219.1
Project("{FAE04EC0-301F-11D3-BF4B-00C04F79EFBC}") = "Sokszogek-MVP", "Sokszogek-MVP\Sokszogek-MVP.csproj", "{2411BD62-0332-4C1E-9FFA-057BEC0BACED}"
EndProject
Global
	GlobalSection(SolutionConfigurationPlatforms) = preSolution
		Debug|Any CPU = Debug|Any CPU
		Release|Any CPU = Release|Any CPU
	EndGlobalSection
	GlobalSection(ProjectConfigurationPlatforms) = postSolution
		{2411BD62-0332-4C1E-9FFA-057BEC0BACED}.Debug|Any CPU.ActiveCfg = Debug|Any CPU
		{2411BD62-0332-4C1E-9FFA-057BEC0BACED}.Debug|Any CPU.Build.0 = Debug|Any CPU
		{2411BD62-0332-4C1E-9FFA-057BEC0BACED}.Release|Any CPU.ActiveCfg = Release|Any CPU
		{2411BD62-0332-4C1E-9FFA-057BEC0BACED}.Release|Any CPU.Build.0 = Release|Any CPU
	EndGlobalSection
	GlobalSection(SolutionProperties) = preSolution
		HideSolutionNode = FALSE
	EndGlobalSection
	GlobalSection(ExtensibilityGlobals) = postSolution
		SolutionGuid = {E2F07EFB-4F93-4A6E-8706-2C9875F6E921}
	EndGlobalSection
EndGlobal
