
Microsoft Visual Studio Solution File, Format Version 12.00
# Visual Studio Version 16
VisualStudioVersion = 16.0.30128.74
MinimumVisualStudioVersion = 10.0.40219.1
Project("{FAE04EC0-301F-11D3-BF4B-00C04F79EFBC}") = "Sokszogek", "Sokszogek\Sokszogek.csproj", "{6DDE6C44-9F04-492E-BA92-BB8C4DEF2C8A}"
EndProject
Global
	GlobalSection(SolutionConfigurationPlatforms) = preSolution
		Debug|Any CPU = Debug|Any CPU
		Release|Any CPU = Release|Any CPU
	EndGlobalSection
	GlobalSection(ProjectConfigurationPlatforms) = postSolution
		{6DDE6C44-9F04-492E-BA92-BB8C4DEF2C8A}.Debug|Any CPU.ActiveCfg = Debug|Any CPU
		{6DDE6C44-9F04-492E-BA92-BB8C4DEF2C8A}.Debug|Any CPU.Build.0 = Debug|Any CPU
		{6DDE6C44-9F04-492E-BA92-BB8C4DEF2C8A}.Release|Any CPU.ActiveCfg = Release|Any CPU
		{6DDE6C44-9F04-492E-BA92-BB8C4DEF2C8A}.Release|Any CPU.Build.0 = Release|Any CPU
	EndGlobalSection
	GlobalSection(SolutionProperties) = preSolution
		HideSolutionNode = FALSE
	EndGlobalSection
	GlobalSection(ExtensibilityGlobals) = postSolution
		SolutionGuid = {5127010D-DF1E-48B3-AB6F-D94130B6C8CB}
	EndGlobalSection
EndGlobal
